
Microsoft Visual Studio Solution File, Format Version 12.00
# Visual Studio Version 17
VisualStudioVersion = 17.6.33723.286
MinimumVisualStudioVersion = 10.0.40219.1
Project("{FAE04EC0-301F-11D3-BF4B-00C04F79EFBC}") = "PassengerApi", "PassengerApi\PassengerApi.csproj", "{46E4117E-B1A5-43A5-9B6B-320885043979}"
EndProject
Global
	GlobalSection(SolutionConfigurationPlatforms) = preSolution
		Debug|Any CPU = Debug|Any CPU
		Release|Any CPU = Release|Any CPU
	EndGlobalSection
	GlobalSection(ProjectConfigurationPlatforms) = postSolution
		{46E4117E-B1A5-43A5-9B6B-320885043979}.Debug|Any CPU.ActiveCfg = Debug|Any CPU
		{46E4117E-B1A5-43A5-9B6B-320885043979}.Debug|Any CPU.Build.0 = Debug|Any CPU
		{46E4117E-B1A5-43A5-9B6B-320885043979}.Release|Any CPU.ActiveCfg = Release|Any CPU
		{46E4117E-B1A5-43A5-9B6B-320885043979}.Release|Any CPU.Build.0 = Release|Any CPU
	EndGlobalSection
	GlobalSection(SolutionProperties) = preSolution
		HideSolutionNode = FALSE
	EndGlobalSection
	GlobalSection(ExtensibilityGlobals) = postSolution
		SolutionGuid = {27F12AB5-9635-40F1-9A47-011A92DB8EFD}
	EndGlobalSection
EndGlobal
